
Microsoft Visual Studio Solution File, Format Version 12.00
# Visual Studio Version 17
VisualStudioVersion = 17.11.35327.3
MinimumVisualStudioVersion = 10.0.40219.1
Project("{FAE04EC0-301F-11D3-BF4B-00C04F79EFBC}") = "WPF09", "WPF09\WPF09.csproj", "{3828F15F-C18F-4241-9540-4B2DB5D319D8}"
EndProject
Global
	GlobalSection(SolutionConfigurationPlatforms) = preSolution
		Debug|Any CPU = Debug|Any CPU
		Release|Any CPU = Release|Any CPU
	EndGlobalSection
	GlobalSection(ProjectConfigurationPlatforms) = postSolution
		{3828F15F-C18F-4241-9540-4B2DB5D319D8}.Debug|Any CPU.ActiveCfg = Debug|Any CPU
		{3828F15F-C18F-4241-9540-4B2DB5D319D8}.Debug|Any CPU.Build.0 = Debug|Any CPU
		{3828F15F-C18F-4241-9540-4B2DB5D319D8}.Release|Any CPU.ActiveCfg = Release|Any CPU
		{3828F15F-C18F-4241-9540-4B2DB5D319D8}.Release|Any CPU.Build.0 = Release|Any CPU
	EndGlobalSection
	GlobalSection(SolutionProperties) = preSolution
		HideSolutionNode = FALSE
	EndGlobalSection
	GlobalSection(ExtensibilityGlobals) = postSolution
		SolutionGuid = {D0900E6C-ABF6-4D74-BC28-1512E254CDC0}
	EndGlobalSection
EndGlobal
